// !$*UTF8*$!
{
	archiveVersion = 1;
	classes = {
	};
	objectVersion = 52;
	objects = {

/* Begin PBXBuildFile section */
		0207DA581B56EA530066E2B4 /* Images.xcassets in Resources */ = {isa = PBXBuildFile; fileRef = 0207DA571B56EA530066E2B4 /* Images.xcassets */; };
		1D3623260D0F684500981E51 /* AppDelegate.m in Sources */ = {isa = PBXBuildFile; fileRef = 1D3623250D0F684500981E51 /* AppDelegate.m */; };
		1D60589B0D05DD56006BFB54 /* main.m in Sources */ = {isa = PBXBuildFile; fileRef = 29B97316FDCFA39411CA2CEA /* main.m */; };
		301BF552109A68D80062928A /* libCordova.a in Frameworks */ = {isa = PBXBuildFile; fileRef = 301BF535109A57CC0062928A /* libCordova.a */; settings = {ATTRIBUTES = (Required, ); }; };
		302D95F114D2391D003F00A1 /* MainViewController.m in Sources */ = {isa = PBXBuildFile; fileRef = 302D95EF14D2391D003F00A1 /* MainViewController.m */; };
		302D95F214D2391D003F00A1 /* MainViewController.xib in Resources */ = {isa = PBXBuildFile; fileRef = 302D95F014D2391D003F00A1 /* MainViewController.xib */; };
		6AFF5BF91D6E424B00AB3073 /* CDVLaunchScreen.storyboard in Resources */ = {isa = PBXBuildFile; fileRef = 6AFF5BF81D6E424B00AB3073 /* CDVLaunchScreen.storyboard */; };
		F26DD40A0EF94F4B8CE853C5 /* CDVBackgroundGeolocation.m in Sources */ = {isa = PBXBuildFile; fileRef = AFC04FC3418D4F07A17F22CF /* CDVBackgroundGeolocation.m */; };
		86B7BE3C7F3C4FD2A50C35B4 /* CocoaLumberjack.m in Sources */ = {isa = PBXBuildFile; fileRef = FB7641822572401E9D00BCED /* CocoaLumberjack.m */; };
		BE83E126DB0B4B1AB8051CFB /* FMDB.m in Sources */ = {isa = PBXBuildFile; fileRef = 0F5450F0B24F4FD58F8D2133 /* FMDB.m */; };
		45A00A7B556F4CFF8DADF16E /* FMDBLogger.m in Sources */ = {isa = PBXBuildFile; fileRef = 9CF768F191304E30B99418F2 /* FMDBLogger.m */; };
		514F582B17B34E75BB2CD8D1 /* INTUHeadingRequest.m in Sources */ = {isa = PBXBuildFile; fileRef = CD482DE834CE47BDA1739EA5 /* INTUHeadingRequest.m */; };
		F5EE647992624CA8A5F56D50 /* INTULocationManager.m in Sources */ = {isa = PBXBuildFile; fileRef = 4DE232ACD587482C942DB18D /* INTULocationManager.m */; };
		73F33893D75B44E889C31D69 /* INTULocationRequest.m in Sources */ = {isa = PBXBuildFile; fileRef = EBF79A68AAED408898359135 /* INTULocationRequest.m */; };
		58680851E1BA47DAA6E36237 /* INTURequestIDGenerator.m in Sources */ = {isa = PBXBuildFile; fileRef = E2FFF8535171418FA0C1CF6A /* INTURequestIDGenerator.m */; };
		E7C850DE95094EA0BED6DA60 /* MAURAbstractLocationProvider.m in Sources */ = {isa = PBXBuildFile; fileRef = 9A64685D385146F3AED9BFFB /* MAURAbstractLocationProvider.m */; };
		1EAF955BAAF84C0296E12DFB /* MAURActivity.m in Sources */ = {isa = PBXBuildFile; fileRef = B48F887137694C63ACAD726D /* MAURActivity.m */; };
		9F54ACC3B1D046508E031961 /* MAURActivityLocationProvider.m in Sources */ = {isa = PBXBuildFile; fileRef = C2E01AF2C0D2432C9D9721B2 /* MAURActivityLocationProvider.m */; };
		CF6D0CA84FBC40B59A191D4D /* MAURBackgroundGeolocationFacade.m in Sources */ = {isa = PBXBuildFile; fileRef = D88FD289981E4998B677C6E5 /* MAURBackgroundGeolocationFacade.m */; };
		8E2A23281DCA42EC91AC16EE /* MAURBackgroundSync.m in Sources */ = {isa = PBXBuildFile; fileRef = A7F64EB7BF6C470D9FCE4506 /* MAURBackgroundSync.m */; };
		08A9289261D54A8E81CA8AAA /* MAURBackgroundTaskManager.m in Sources */ = {isa = PBXBuildFile; fileRef = 2CE315BA7B14482AB30DDC7F /* MAURBackgroundTaskManager.m */; };
		D8A54D9701444D6B8AABB03C /* MAURConfig.m in Sources */ = {isa = PBXBuildFile; fileRef = 5FBD0265AB0A41C091D182B8 /* MAURConfig.m */; };
		C3A977294481470F942E8EE5 /* MAURConfigurationContract.m in Sources */ = {isa = PBXBuildFile; fileRef = FB11D19A99CF40E18A04A987 /* MAURConfigurationContract.m */; };
		1A331D33E7F944B78B4A701D /* MAURDistanceFilterLocationProvider.m in Sources */ = {isa = PBXBuildFile; fileRef = BAB21322F2AA40F5920CF1D3 /* MAURDistanceFilterLocationProvider.m */; };
		6E58B13253C44B70B712C388 /* MAURGeolocationOpenHelper.m in Sources */ = {isa = PBXBuildFile; fileRef = 0BD173E49AE34A4FB378CF89 /* MAURGeolocationOpenHelper.m */; };
		6AA6FC77E4044B5E9FA9990D /* MAURLocation.m in Sources */ = {isa = PBXBuildFile; fileRef = 690ED7078B384DE7AF2D1E0B /* MAURLocation.m */; };
		68E5BFE6007E4A64B2707354 /* MAURLocationContract.m in Sources */ = {isa = PBXBuildFile; fileRef = 9985B6758408499D8E712DAF /* MAURLocationContract.m */; };
		C7240C100DA8448390794DE2 /* MAURLocationManager.m in Sources */ = {isa = PBXBuildFile; fileRef = 737C4B02C347431983A7D5D4 /* MAURLocationManager.m */; };
		643F565E53CF4F4DA7934048 /* MAURLogReader.m in Sources */ = {isa = PBXBuildFile; fileRef = 47206E5C5F9F4968993C5172 /* MAURLogReader.m */; };
		F2AE525E388747DCAF5D98DA /* MAURPostLocationTask.m in Sources */ = {isa = PBXBuildFile; fileRef = 42B8702BA4744BCEBA0798D9 /* MAURPostLocationTask.m */; };
		F96B90929CF5465FBED7916F /* MAURRawLocationProvider.m in Sources */ = {isa = PBXBuildFile; fileRef = CDCE54E682224D6B826C4D05 /* MAURRawLocationProvider.m */; };
		9965673AE529404BA5122EF0 /* MAURSQLiteConfigurationDAO.m in Sources */ = {isa = PBXBuildFile; fileRef = 21F0A50377694197AA2D2C01 /* MAURSQLiteConfigurationDAO.m */; };
		B35E96F36F72437DB7F82565 /* MAURSQLiteHelper.m in Sources */ = {isa = PBXBuildFile; fileRef = D3D28B6E9EE84197BD5826FE /* MAURSQLiteHelper.m */; };
		BBE6715C8420489DA8FE1EAB /* MAURSQLiteLocationDAO.m in Sources */ = {isa = PBXBuildFile; fileRef = 03AF7C6381E6479C9C38D71B /* MAURSQLiteLocationDAO.m */; };
		3EDA4366DDCA4A9887DA0035 /* MAURSQLiteOpenHelper.m in Sources */ = {isa = PBXBuildFile; fileRef = 98053AAED580471B8CF3BBAB /* MAURSQLiteOpenHelper.m */; };
		ED4E7735B4794CA68AC8949B /* MAURUncaughtExceptionLogger.m in Sources */ = {isa = PBXBuildFile; fileRef = 595229D839E4409AAAEC134A /* MAURUncaughtExceptionLogger.m */; };
		D303899300044FDA9B58D29A /* Reachability.m in Sources */ = {isa = PBXBuildFile; fileRef = C50C63EC09A64FD1B9E242F0 /* Reachability.m */; };
		BEC9BBA9A7404BF3A521F8E6 /* SOLocationManager.m in Sources */ = {isa = PBXBuildFile; fileRef = 933E02BCF243429B8076093E /* SOLocationManager.m */; };
		D1354115ADD342789FD55242 /* SOMotionActivity.m in Sources */ = {isa = PBXBuildFile; fileRef = BC3BC1299BF249C69330FD59 /* SOMotionActivity.m */; };
		7DE8EB440B2D4990926914D5 /* SOMotionDetector.m in Sources */ = {isa = PBXBuildFile; fileRef = B69BBF3D81104002AFDB2D1F /* SOMotionDetector.m */; };
		4B237A1AC20B4FBCA8A27EDF /* SOStepDetector.m in Sources */ = {isa = PBXBuildFile; fileRef = 4B973365594F468A8FF3CB92 /* SOStepDetector.m */; };
		9DC5350563D94EDD9882A2D2 /* NSString+ZIMString.m in Sources */ = {isa = PBXBuildFile; fileRef = E8D7D229995B482A8FCA431A /* NSString+ZIMString.m */; };
		72F599DE6CCD4E5997C34998 /* ZIMSqlExpression.m in Sources */ = {isa = PBXBuildFile; fileRef = E34510695F044FBD82E8C85C /* ZIMSqlExpression.m */; };
		A72C4EDEA12044528F2A3946 /* ZIMSqlSelectStatement.m in Sources */ = {isa = PBXBuildFile; fileRef = 90CEEED5506A445FA07C8A91 /* ZIMSqlSelectStatement.m */; };
		F7468E8BF9E144168DB2A538 /* CoreLocation.framework in Frameworks */ = {isa = PBXBuildFile; fileRef = 57227FD270E24B1F9468D01C /* CoreLocation.framework */; };
		A946E6CC06674D69982DE6F0 /* SystemConfiguration.framework in Frameworks */ = {isa = PBXBuildFile; fileRef = 7074959B486948CAA57A82DC /* SystemConfiguration.framework */; };
		AC75EE62BF784A8BBD75EE15 /* AudioToolbox.framework in Frameworks */ = {isa = PBXBuildFile; fileRef = 5C44CFCBE4C04E6B8462D148 /* AudioToolbox.framework */; settings = {ATTRIBUTES = (Weak, ); }; };
		CFB1430A812C410A9081A5C9 /* AVFoundation.framework in Frameworks */ = {isa = PBXBuildFile; fileRef = DD0B9C57C5FE4379AAE285F5 /* AVFoundation.framework */; settings = {ATTRIBUTES = (Weak, ); }; };
		C73BD0836CAB4EEDB488CB35 /* libsqlite3.dylib in Frameworks */ = {isa = PBXBuildFile; fileRef = 010774A0C0A146A9BC90BE81 /* libsqlite3.dylib */; settings = {ATTRIBUTES = (Weak, ); }; };
/* End PBXBuildFile section */

/* Begin PBXContainerItemProxy section */
		301BF534109A57CC0062928A /* PBXContainerItemProxy */ = {
			isa = PBXContainerItemProxy;
			containerPortal = 301BF52D109A57CC0062928A /* CordovaLib/CordovaLib.xcodeproj */;
			proxyType = 2;
			remoteGlobalIDString = D2AAC07E0554694100DB518D;
			remoteInfo = CordovaLib;
		};
		301BF550109A68C00062928A /* PBXContainerItemProxy */ = {
			isa = PBXContainerItemProxy;
			containerPortal = 301BF52D109A57CC0062928A /* CordovaLib/CordovaLib.xcodeproj */;
			proxyType = 1;
			remoteGlobalIDString = D2AAC07D0554694100DB518D;
			remoteInfo = CordovaLib;
		};
		907D8123214C687600058A10 /* PBXContainerItemProxy */ = {
			isa = PBXContainerItemProxy;
			containerPortal = 301BF52D109A57CC0062928A /* CordovaLib/CordovaLib.xcodeproj */;
			proxyType = 2;
			remoteGlobalIDString = C0C01EB21E3911D50056E6CB;
			remoteInfo = Cordova;
		};
/* End PBXContainerItemProxy section */

/* Begin PBXFileReference section */
		0207DA571B56EA530066E2B4 /* Images.xcassets */ = {isa = PBXFileReference; lastKnownFileType = folder.assetcatalog; name = Images.xcassets; path = "HelloCordova/Images.xcassets"; sourceTree = SOURCE_ROOT; };
		1D3623240D0F684500981E51 /* AppDelegate.h */ = {isa = PBXFileReference; fileEncoding = 4; lastKnownFileType = sourcecode.c.h; path = AppDelegate.h; sourceTree = "<group>"; };
		1D3623250D0F684500981E51 /* AppDelegate.m */ = {isa = PBXFileReference; fileEncoding = 4; lastKnownFileType = sourcecode.c.objc; path = AppDelegate.m; sourceTree = "<group>"; };
		1D6058910D05DD3D006BFB54 /* HelloCordova.app */ = {isa = PBXFileReference; explicitFileType = wrapper.application; includeInIndex = 0; path = "HelloCordova.app"; sourceTree = BUILT_PRODUCTS_DIR; };
		29B97316FDCFA39411CA2CEA /* main.m */ = {isa = PBXFileReference; fileEncoding = 4; lastKnownFileType = sourcecode.c.objc; path = main.m; sourceTree = "<group>"; };
		301BF52D109A57CC0062928A /* CordovaLib/CordovaLib.xcodeproj */ = {isa = PBXFileReference; lastKnownFileType = "wrapper.pb-project"; name = CordovaLib.xcodeproj; path = CordovaLib/CordovaLib.xcodeproj; sourceTree = "<group>"; };
		301BF56E109A69640062928A /* www */ = {isa = PBXFileReference; lastKnownFileType = folder; path = www; sourceTree = SOURCE_ROOT; };
		302D95EE14D2391D003F00A1 /* MainViewController.h */ = {isa = PBXFileReference; fileEncoding = 4; lastKnownFileType = sourcecode.c.h; path = MainViewController.h; sourceTree = "<group>"; };
		302D95EF14D2391D003F00A1 /* MainViewController.m */ = {isa = PBXFileReference; fileEncoding = 4; lastKnownFileType = sourcecode.c.objc; path = MainViewController.m; sourceTree = "<group>"; };
		302D95F014D2391D003F00A1 /* MainViewController.xib */ = {isa = PBXFileReference; fileEncoding = 4; lastKnownFileType = file.xib; path = MainViewController.xib; sourceTree = "<group>"; };
		3047A50F1AB8059700498E2A /* build-debug.xcconfig */ = {isa = PBXFileReference; fileEncoding = 4; lastKnownFileType = text.xcconfig; name = "build-debug.xcconfig"; path = "cordova/build-debug.xcconfig"; sourceTree = SOURCE_ROOT; };
		3047A5101AB8059700498E2A /* build-release.xcconfig */ = {isa = PBXFileReference; fileEncoding = 4; lastKnownFileType = text.xcconfig; name = "build-release.xcconfig"; path = "cordova/build-release.xcconfig"; sourceTree = SOURCE_ROOT; };
		3047A5111AB8059700498E2A /* build.xcconfig */ = {isa = PBXFileReference; fileEncoding = 4; lastKnownFileType = text.xcconfig; name = build.xcconfig; path = cordova/build.xcconfig; sourceTree = SOURCE_ROOT; };
		32CA4F630368D1EE00C91783 /* HelloCordova-Prefix.pch */ = {isa = PBXFileReference; fileEncoding = 4; lastKnownFileType = sourcecode.c.h; path = "HelloCordova-Prefix.pch"; sourceTree = "<group>"; };
		6AFF5BF81D6E424B00AB3073 /* CDVLaunchScreen.storyboard */ = {isa = PBXFileReference; fileEncoding = 4; lastKnownFileType = file.storyboard; name = CDVLaunchScreen.storyboard; path = "HelloCordova/CDVLaunchScreen.storyboard"; sourceTree = SOURCE_ROOT; };
		8D1107310486CEB800E47090 /* HelloCordova-Info.plist */ = {isa = PBXFileReference; fileEncoding = 4; lastKnownFileType = text.plist.xml; name = "HelloCordova-Info.plist"; path = "HelloCordova/HelloCordova-Info.plist"; plistStructureDefinitionIdentifier = "com.apple.xcode.plist.structure-definition.iphone.info-plist"; sourceTree = SOURCE_ROOT; };
		EB87FDF31871DA8E0020F90C /* www */ = {isa = PBXFileReference; lastKnownFileType = folder; name = www; path = ../../www; sourceTree = "<group>"; };
		EB87FDF41871DAF40020F90C /* config.xml */ = {isa = PBXFileReference; lastKnownFileType = text.xml; name = config.xml; path = ../../config.xml; sourceTree = "<group>"; };
		ED33DF2A687741AEAF9F8254 /* Bridging-Header.h */ = {isa = PBXFileReference; fileEncoding = 4; lastKnownFileType = sourcecode.c.h; path = "Bridging-Header.h"; sourceTree = "<group>"; };
		F840E1F0165FE0F500CFE078 /* config.xml */ = {isa = PBXFileReference; lastKnownFileType = text.xml; name = config.xml; path = "HelloCordova/config.xml"; sourceTree = "<group>"; };
		AFC04FC3418D4F07A17F22CF /* CDVBackgroundGeolocation.m */ = {isa = PBXFileReference; name = "CDVBackgroundGeolocation.m"; path = "cordova-plugin-mauron85-background-geolocation/CDVBackgroundGeolocation.m"; sourceTree = "<group>"; fileEncoding = 4; lastKnownFileType = sourcecode.c.objc; explicitFileType = undefined; includeInIndex = 0; };
		FB7641822572401E9D00BCED /* CocoaLumberjack.m */ = {isa = PBXFileReference; name = "CocoaLumberjack.m"; path = "cordova-plugin-mauron85-background-geolocation/CocoaLumberjack.m"; sourceTree = "<group>"; fileEncoding = 4; lastKnownFileType = sourcecode.c.objc; explicitFileType = undefined; includeInIndex = 0; };
		0F5450F0B24F4FD58F8D2133 /* FMDB.m */ = {isa = PBXFileReference; name = "FMDB.m"; path = "cordova-plugin-mauron85-background-geolocation/FMDB.m"; sourceTree = "<group>"; fileEncoding = 4; lastKnownFileType = sourcecode.c.objc; explicitFileType = undefined; includeInIndex = 0; };
		9CF768F191304E30B99418F2 /* FMDBLogger.m */ = {isa = PBXFileReference; name = "FMDBLogger.m"; path = "cordova-plugin-mauron85-background-geolocation/FMDBLogger.m"; sourceTree = "<group>"; fileEncoding = 4; lastKnownFileType = sourcecode.c.objc; explicitFileType = undefined; includeInIndex = 0; };
		CD482DE834CE47BDA1739EA5 /* INTUHeadingRequest.m */ = {isa = PBXFileReference; name = "INTUHeadingRequest.m"; path = "cordova-plugin-mauron85-background-geolocation/INTUHeadingRequest.m"; sourceTree = "<group>"; fileEncoding = 4; lastKnownFileType = sourcecode.c.objc; explicitFileType = undefined; includeInIndex = 0; };
		4DE232ACD587482C942DB18D /* INTULocationManager.m */ = {isa = PBXFileReference; name = "INTULocationManager.m"; path = "cordova-plugin-mauron85-background-geolocation/INTULocationManager.m"; sourceTree = "<group>"; fileEncoding = 4; lastKnownFileType = sourcecode.c.objc; explicitFileType = undefined; includeInIndex = 0; };
		EBF79A68AAED408898359135 /* INTULocationRequest.m */ = {isa = PBXFileReference; name = "INTULocationRequest.m"; path = "cordova-plugin-mauron85-background-geolocation/INTULocationRequest.m"; sourceTree = "<group>"; fileEncoding = 4; lastKnownFileType = sourcecode.c.objc; explicitFileType = undefined; includeInIndex = 0; };
		E2FFF8535171418FA0C1CF6A /* INTURequestIDGenerator.m */ = {isa = PBXFileReference; name = "INTURequestIDGenerator.m"; path = "cordova-plugin-mauron85-background-geolocation/INTURequestIDGenerator.m"; sourceTree = "<group>"; fileEncoding = 4; lastKnownFileType = sourcecode.c.objc; explicitFileType = undefined; includeInIndex = 0; };
		9A64685D385146F3AED9BFFB /* MAURAbstractLocationProvider.m */ = {isa = PBXFileReference; name = "MAURAbstractLocationProvider.m"; path = "cordova-plugin-mauron85-background-geolocation/MAURAbstractLocationProvider.m"; sourceTree = "<group>"; fileEncoding = 4; lastKnownFileType = sourcecode.c.objc; explicitFileType = undefined; includeInIndex = 0; };
		B48F887137694C63ACAD726D /* MAURActivity.m */ = {isa = PBXFileReference; name = "MAURActivity.m"; path = "cordova-plugin-mauron85-background-geolocation/MAURActivity.m"; sourceTree = "<group>"; fileEncoding = 4; lastKnownFileType = sourcecode.c.objc; explicitFileType = undefined; includeInIndex = 0; };
		C2E01AF2C0D2432C9D9721B2 /* MAURActivityLocationProvider.m */ = {isa = PBXFileReference; name = "MAURActivityLocationProvider.m"; path = "cordova-plugin-mauron85-background-geolocation/MAURActivityLocationProvider.m"; sourceTree = "<group>"; fileEncoding = 4; lastKnownFileType = sourcecode.c.objc; explicitFileType = undefined; includeInIndex = 0; };
		D88FD289981E4998B677C6E5 /* MAURBackgroundGeolocationFacade.m */ = {isa = PBXFileReference; name = "MAURBackgroundGeolocationFacade.m"; path = "cordova-plugin-mauron85-background-geolocation/MAURBackgroundGeolocationFacade.m"; sourceTree = "<group>"; fileEncoding = 4; lastKnownFileType = sourcecode.c.objc; explicitFileType = undefined; includeInIndex = 0; };
		A7F64EB7BF6C470D9FCE4506 /* MAURBackgroundSync.m */ = {isa = PBXFileReference; name = "MAURBackgroundSync.m"; path = "cordova-plugin-mauron85-background-geolocation/MAURBackgroundSync.m"; sourceTree = "<group>"; fileEncoding = 4; lastKnownFileType = sourcecode.c.objc; explicitFileType = undefined; includeInIndex = 0; };
		2CE315BA7B14482AB30DDC7F /* MAURBackgroundTaskManager.m */ = {isa = PBXFileReference; name = "MAURBackgroundTaskManager.m"; path = "cordova-plugin-mauron85-background-geolocation/MAURBackgroundTaskManager.m"; sourceTree = "<group>"; fileEncoding = 4; lastKnownFileType = sourcecode.c.objc; explicitFileType = undefined; includeInIndex = 0; };
		5FBD0265AB0A41C091D182B8 /* MAURConfig.m */ = {isa = PBXFileReference; name = "MAURConfig.m"; path = "cordova-plugin-mauron85-background-geolocation/MAURConfig.m"; sourceTree = "<group>"; fileEncoding = 4; lastKnownFileType = sourcecode.c.objc; explicitFileType = undefined; includeInIndex = 0; };
		FB11D19A99CF40E18A04A987 /* MAURConfigurationContract.m */ = {isa = PBXFileReference; name = "MAURConfigurationContract.m"; path = "cordova-plugin-mauron85-background-geolocation/MAURConfigurationContract.m"; sourceTree = "<group>"; fileEncoding = 4; lastKnownFileType = sourcecode.c.objc; explicitFileType = undefined; includeInIndex = 0; };
		BAB21322F2AA40F5920CF1D3 /* MAURDistanceFilterLocationProvider.m */ = {isa = PBXFileReference; name = "MAURDistanceFilterLocationProvider.m"; path = "cordova-plugin-mauron85-background-geolocation/MAURDistanceFilterLocationProvider.m"; sourceTree = "<group>"; fileEncoding = 4; lastKnownFileType = sourcecode.c.objc; explicitFileType = undefined; includeInIndex = 0; };
		0BD173E49AE34A4FB378CF89 /* MAURGeolocationOpenHelper.m */ = {isa = PBXFileReference; name = "MAURGeolocationOpenHelper.m"; path = "cordova-plugin-mauron85-background-geolocation/MAURGeolocationOpenHelper.m"; sourceTree = "<group>"; fileEncoding = 4; lastKnownFileType = sourcecode.c.objc; explicitFileType = undefined; includeInIndex = 0; };
		690ED7078B384DE7AF2D1E0B /* MAURLocation.m */ = {isa = PBXFileReference; name = "MAURLocation.m"; path = "cordova-plugin-mauron85-background-geolocation/MAURLocation.m"; sourceTree = "<group>"; fileEncoding = 4; lastKnownFileType = sourcecode.c.objc; explicitFileType = undefined; includeInIndex = 0; };
		9985B6758408499D8E712DAF /* MAURLocationContract.m */ = {isa = PBXFileReference; name = "MAURLocationContract.m"; path = "cordova-plugin-mauron85-background-geolocation/MAURLocationContract.m"; sourceTree = "<group>"; fileEncoding = 4; lastKnownFileType = sourcecode.c.objc; explicitFileType = undefined; includeInIndex = 0; };
		737C4B02C347431983A7D5D4 /* MAURLocationManager.m */ = {isa = PBXFileReference; name = "MAURLocationManager.m"; path = "cordova-plugin-mauron85-background-geolocation/MAURLocationManager.m"; sourceTree = "<group>"; fileEncoding = 4; lastKnownFileType = sourcecode.c.objc; explicitFileType = undefined; includeInIndex = 0; };
		47206E5C5F9F4968993C5172 /* MAURLogReader.m */ = {isa = PBXFileReference; name = "MAURLogReader.m"; path = "cordova-plugin-mauron85-background-geolocation/MAURLogReader.m"; sourceTree = "<group>"; fileEncoding = 4; lastKnownFileType = sourcecode.c.objc; explicitFileType = undefined; includeInIndex = 0; };
		42B8702BA4744BCEBA0798D9 /* MAURPostLocationTask.m */ = {isa = PBXFileReference; name = "MAURPostLocationTask.m"; path = "cordova-plugin-mauron85-background-geolocation/MAURPostLocationTask.m"; sourceTree = "<group>"; fileEncoding = 4; lastKnownFileType = sourcecode.c.objc; explicitFileType = undefined; includeInIndex = 0; };
		CDCE54E682224D6B826C4D05 /* MAURRawLocationProvider.m */ = {isa = PBXFileReference; name = "MAURRawLocationProvider.m"; path = "cordova-plugin-mauron85-background-geolocation/MAURRawLocationProvider.m"; sourceTree = "<group>"; fileEncoding = 4; lastKnownFileType = sourcecode.c.objc; explicitFileType = undefined; includeInIndex = 0; };
		21F0A50377694197AA2D2C01 /* MAURSQLiteConfigurationDAO.m */ = {isa = PBXFileReference; name = "MAURSQLiteConfigurationDAO.m"; path = "cordova-plugin-mauron85-background-geolocation/MAURSQLiteConfigurationDAO.m"; sourceTree = "<group>"; fileEncoding = 4; lastKnownFileType = sourcecode.c.objc; explicitFileType = undefined; includeInIndex = 0; };
		D3D28B6E9EE84197BD5826FE /* MAURSQLiteHelper.m */ = {isa = PBXFileReference; name = "MAURSQLiteHelper.m"; path = "cordova-plugin-mauron85-background-geolocation/MAURSQLiteHelper.m"; sourceTree = "<group>"; fileEncoding = 4; lastKnownFileType = sourcecode.c.objc; explicitFileType = undefined; includeInIndex = 0; };
		03AF7C6381E6479C9C38D71B /* MAURSQLiteLocationDAO.m */ = {isa = PBXFileReference; name = "MAURSQLiteLocationDAO.m"; path = "cordova-plugin-mauron85-background-geolocation/MAURSQLiteLocationDAO.m"; sourceTree = "<group>"; fileEncoding = 4; lastKnownFileType = sourcecode.c.objc; explicitFileType = undefined; includeInIndex = 0; };
		98053AAED580471B8CF3BBAB /* MAURSQLiteOpenHelper.m */ = {isa = PBXFileReference; name = "MAURSQLiteOpenHelper.m"; path = "cordova-plugin-mauron85-background-geolocation/MAURSQLiteOpenHelper.m"; sourceTree = "<group>"; fileEncoding = 4; lastKnownFileType = sourcecode.c.objc; explicitFileType = undefined; includeInIndex = 0; };
		595229D839E4409AAAEC134A /* MAURUncaughtExceptionLogger.m */ = {isa = PBXFileReference; name = "MAURUncaughtExceptionLogger.m"; path = "cordova-plugin-mauron85-background-geolocation/MAURUncaughtExceptionLogger.m"; sourceTree = "<group>"; fileEncoding = 4; lastKnownFileType = sourcecode.c.objc; explicitFileType = undefined; includeInIndex = 0; };
		C50C63EC09A64FD1B9E242F0 /* Reachability.m */ = {isa = PBXFileReference; name = "Reachability.m"; path = "cordova-plugin-mauron85-background-geolocation/Reachability.m"; sourceTree = "<group>"; fileEncoding = 4; lastKnownFileType = sourcecode.c.objc; explicitFileType = undefined; includeInIndex = 0; };
		933E02BCF243429B8076093E /* SOLocationManager.m */ = {isa = PBXFileReference; name = "SOLocationManager.m"; path = "cordova-plugin-mauron85-background-geolocation/SOLocationManager.m"; sourceTree = "<group>"; fileEncoding = 4; lastKnownFileType = sourcecode.c.objc; explicitFileType = undefined; includeInIndex = 0; };
		BC3BC1299BF249C69330FD59 /* SOMotionActivity.m */ = {isa = PBXFileReference; name = "SOMotionActivity.m"; path = "cordova-plugin-mauron85-background-geolocation/SOMotionActivity.m"; sourceTree = "<group>"; fileEncoding = 4; lastKnownFileType = sourcecode.c.objc; explicitFileType = undefined; includeInIndex = 0; };
		B69BBF3D81104002AFDB2D1F /* SOMotionDetector.m */ = {isa = PBXFileReference; name = "SOMotionDetector.m"; path = "cordova-plugin-mauron85-background-geolocation/SOMotionDetector.m"; sourceTree = "<group>"; fileEncoding = 4; lastKnownFileType = sourcecode.c.objc; explicitFileType = undefined; includeInIndex = 0; };
		4B973365594F468A8FF3CB92 /* SOStepDetector.m */ = {isa = PBXFileReference; name = "SOStepDetector.m"; path = "cordova-plugin-mauron85-background-geolocation/SOStepDetector.m"; sourceTree = "<group>"; fileEncoding = 4; lastKnownFileType = sourcecode.c.objc; explicitFileType = undefined; includeInIndex = 0; };
		E8D7D229995B482A8FCA431A /* NSString+ZIMString.m */ = {isa = PBXFileReference; name = "NSString+ZIMString.m"; path = "cordova-plugin-mauron85-background-geolocation/NSString+ZIMString.m"; sourceTree = "<group>"; fileEncoding = 4; lastKnownFileType = sourcecode.c.objc; explicitFileType = undefined; includeInIndex = 0; };
		E34510695F044FBD82E8C85C /* ZIMSqlExpression.m */ = {isa = PBXFileReference; name = "ZIMSqlExpression.m"; path = "cordova-plugin-mauron85-background-geolocation/ZIMSqlExpression.m"; sourceTree = "<group>"; fileEncoding = 4; lastKnownFileType = sourcecode.c.objc; explicitFileType = undefined; includeInIndex = 0; };
		90CEEED5506A445FA07C8A91 /* ZIMSqlSelectStatement.m */ = {isa = PBXFileReference; name = "ZIMSqlSelectStatement.m"; path = "cordova-plugin-mauron85-background-geolocation/ZIMSqlSelectStatement.m"; sourceTree = "<group>"; fileEncoding = 4; lastKnownFileType = sourcecode.c.objc; explicitFileType = undefined; includeInIndex = 0; };
		DDA2DB64E09B4EEE92F0D5BC /* CDVBackgroundGeolocation.h */ = {isa = PBXFileReference; name = "CDVBackgroundGeolocation.h"; path = "cordova-plugin-mauron85-background-geolocation/CDVBackgroundGeolocation.h"; sourceTree = "<group>"; fileEncoding = 4; lastKnownFileType = sourcecode.c.h; explicitFileType = undefined; includeInIndex = 0; };
		8EAB71087FD644F69458A2D1 /* CocoaLumberjack.h */ = {isa = PBXFileReference; name = "CocoaLumberjack.h"; path = "cordova-plugin-mauron85-background-geolocation/CocoaLumberjack.h"; sourceTree = "<group>"; fileEncoding = 4; lastKnownFileType = sourcecode.c.h; explicitFileType = undefined; includeInIndex = 0; };
		7F00AD5B98B54836B67F889E /* FMDB.h */ = {isa = PBXFileReference; name = "FMDB.h"; path = "cordova-plugin-mauron85-background-geolocation/FMDB.h"; sourceTree = "<group>"; fileEncoding = 4; lastKnownFileType = sourcecode.c.h; explicitFileType = undefined; includeInIndex = 0; };
		FA1A2602C5F8450996562122 /* FMDBLogger.h */ = {isa = PBXFileReference; name = "FMDBLogger.h"; path = "cordova-plugin-mauron85-background-geolocation/FMDBLogger.h"; sourceTree = "<group>"; fileEncoding = 4; lastKnownFileType = sourcecode.c.h; explicitFileType = undefined; includeInIndex = 0; };
		1BA6334735334C16AC945BD9 /* INTUHeadingRequest.h */ = {isa = PBXFileReference; name = "INTUHeadingRequest.h"; path = "cordova-plugin-mauron85-background-geolocation/INTUHeadingRequest.h"; sourceTree = "<group>"; fileEncoding = 4; lastKnownFileType = sourcecode.c.h; explicitFileType = undefined; includeInIndex = 0; };
		B5701626D887413286D6A07E /* INTULocationManager+Internal.h */ = {isa = PBXFileReference; name = "INTULocationManager+Internal.h"; path = "cordova-plugin-mauron85-background-geolocation/INTULocationManager+Internal.h"; sourceTree = "<group>"; fileEncoding = 4; lastKnownFileType = sourcecode.c.h; explicitFileType = undefined; includeInIndex = 0; };
		58F9A6175ABA41649F4A571A /* INTULocationManager.h */ = {isa = PBXFileReference; name = "INTULocationManager.h"; path = "cordova-plugin-mauron85-background-geolocation/INTULocationManager.h"; sourceTree = "<group>"; fileEncoding = 4; lastKnownFileType = sourcecode.c.h; explicitFileType = undefined; includeInIndex = 0; };
		9F006313989440BD8F8345B9 /* INTULocationRequest.h */ = {isa = PBXFileReference; name = "INTULocationRequest.h"; path = "cordova-plugin-mauron85-background-geolocation/INTULocationRequest.h"; sourceTree = "<group>"; fileEncoding = 4; lastKnownFileType = sourcecode.c.h; explicitFileType = undefined; includeInIndex = 0; };
		BA2549D14252462885D8723C /* INTULocationRequestDefines.h */ = {isa = PBXFileReference; name = "INTULocationRequestDefines.h"; path = "cordova-plugin-mauron85-background-geolocation/INTULocationRequestDefines.h"; sourceTree = "<group>"; fileEncoding = 4; lastKnownFileType = sourcecode.c.h; explicitFileType = undefined; includeInIndex = 0; };
		F17F574D9EC74265A1B9B446 /* INTURequestIDGenerator.h */ = {isa = PBXFileReference; name = "INTURequestIDGenerator.h"; path = "cordova-plugin-mauron85-background-geolocation/INTURequestIDGenerator.h"; sourceTree = "<group>"; fileEncoding = 4; lastKnownFileType = sourcecode.c.h; explicitFileType = undefined; includeInIndex = 0; };
		4AC56555ED4F45AC8D9BC966 /* MAURAbstractLocationProvider.h */ = {isa = PBXFileReference; name = "MAURAbstractLocationProvider.h"; path = "cordova-plugin-mauron85-background-geolocation/MAURAbstractLocationProvider.h"; sourceTree = "<group>"; fileEncoding = 4; lastKnownFileType = sourcecode.c.h; explicitFileType = undefined; includeInIndex = 0; };
		A8B85ECDD6234343A177CC38 /* MAURActivity.h */ = {isa = PBXFileReference; name = "MAURActivity.h"; path = "cordova-plugin-mauron85-background-geolocation/MAURActivity.h"; sourceTree = "<group>"; fileEncoding = 4; lastKnownFileType = sourcecode.c.h; explicitFileType = undefined; includeInIndex = 0; };
		820E7D3067A54BCB93C558E7 /* MAURActivityLocationProvider.h */ = {isa = PBXFileReference; name = "MAURActivityLocationProvider.h"; path = "cordova-plugin-mauron85-background-geolocation/MAURActivityLocationProvider.h"; sourceTree = "<group>"; fileEncoding = 4; lastKnownFileType = sourcecode.c.h; explicitFileType = undefined; includeInIndex = 0; };
		4CEB5F8CE37E4AF7918A949E /* MAURBackgroundGeolocationFacade.h */ = {isa = PBXFileReference; name = "MAURBackgroundGeolocationFacade.h"; path = "cordova-plugin-mauron85-background-geolocation/MAURBackgroundGeolocationFacade.h"; sourceTree = "<group>"; fileEncoding = 4; lastKnownFileType = sourcecode.c.h; explicitFileType = undefined; includeInIndex = 0; };
		609CF06106144D8A951AF29A /* MAURBackgroundSync.h */ = {isa = PBXFileReference; name = "MAURBackgroundSync.h"; path = "cordova-plugin-mauron85-background-geolocation/MAURBackgroundSync.h"; sourceTree = "<group>"; fileEncoding = 4; lastKnownFileType = sourcecode.c.h; explicitFileType = undefined; includeInIndex = 0; };
		D2EFBB99762D493CADE22A84 /* MAURBackgroundTaskManager.h */ = {isa = PBXFileReference; name = "MAURBackgroundTaskManager.h"; path = "cordova-plugin-mauron85-background-geolocation/MAURBackgroundTaskManager.h"; sourceTree = "<group>"; fileEncoding = 4; lastKnownFileType = sourcecode.c.h; explicitFileType = undefined; includeInIndex = 0; };
		FC050C11CAC448F18C9CFF42 /* MAURConfig.h */ = {isa = PBXFileReference; name = "MAURConfig.h"; path = "cordova-plugin-mauron85-background-geolocation/MAURConfig.h"; sourceTree = "<group>"; fileEncoding = 4; lastKnownFileType = sourcecode.c.h; explicitFileType = undefined; includeInIndex = 0; };
		447151D486684B53B743408D /* MAURConfigurationContract.h */ = {isa = PBXFileReference; name = "MAURConfigurationContract.h"; path = "cordova-plugin-mauron85-background-geolocation/MAURConfigurationContract.h"; sourceTree = "<group>"; fileEncoding = 4; lastKnownFileType = sourcecode.c.h; explicitFileType = undefined; includeInIndex = 0; };
		DB549907A57041D1943E6E21 /* MAURDistanceFilterLocationProvider.h */ = {isa = PBXFileReference; name = "MAURDistanceFilterLocationProvider.h"; path = "cordova-plugin-mauron85-background-geolocation/MAURDistanceFilterLocationProvider.h"; sourceTree = "<group>"; fileEncoding = 4; lastKnownFileType = sourcecode.c.h; explicitFileType = undefined; includeInIndex = 0; };
		57358F9DF95C48C08BFBEFF8 /* MAURGeolocationOpenHelper.h */ = {isa = PBXFileReference; name = "MAURGeolocationOpenHelper.h"; path = "cordova-plugin-mauron85-background-geolocation/MAURGeolocationOpenHelper.h"; sourceTree = "<group>"; fileEncoding = 4; lastKnownFileType = sourcecode.c.h; explicitFileType = undefined; includeInIndex = 0; };
		2F183A22A5C445A8B2564695 /* MAURLocation.h */ = {isa = PBXFileReference; name = "MAURLocation.h"; path = "cordova-plugin-mauron85-background-geolocation/MAURLocation.h"; sourceTree = "<group>"; fileEncoding = 4; lastKnownFileType = sourcecode.c.h; explicitFileType = undefined; includeInIndex = 0; };
		09FA673350C646AD9F3327F2 /* MAURLocationContract.h */ = {isa = PBXFileReference; name = "MAURLocationContract.h"; path = "cordova-plugin-mauron85-background-geolocation/MAURLocationContract.h"; sourceTree = "<group>"; fileEncoding = 4; lastKnownFileType = sourcecode.c.h; explicitFileType = undefined; includeInIndex = 0; };
		2EABA8B47920484496E78563 /* MAURLocationManager.h */ = {isa = PBXFileReference; name = "MAURLocationManager.h"; path = "cordova-plugin-mauron85-background-geolocation/MAURLocationManager.h"; sourceTree = "<group>"; fileEncoding = 4; lastKnownFileType = sourcecode.c.h; explicitFileType = undefined; includeInIndex = 0; };
		1393E4C602A54D31B80281C0 /* MAURLogReader.h */ = {isa = PBXFileReference; name = "MAURLogReader.h"; path = "cordova-plugin-mauron85-background-geolocation/MAURLogReader.h"; sourceTree = "<group>"; fileEncoding = 4; lastKnownFileType = sourcecode.c.h; explicitFileType = undefined; includeInIndex = 0; };
		EA083F9CE9B445228811E0C3 /* MAURLogging.h */ = {isa = PBXFileReference; name = "MAURLogging.h"; path = "cordova-plugin-mauron85-background-geolocation/MAURLogging.h"; sourceTree = "<group>"; fileEncoding = 4; lastKnownFileType = sourcecode.c.h; explicitFileType = undefined; includeInIndex = 0; };
		72003CD9DFBB497DB50B9278 /* MAURPostLocationTask.h */ = {isa = PBXFileReference; name = "MAURPostLocationTask.h"; path = "cordova-plugin-mauron85-background-geolocation/MAURPostLocationTask.h"; sourceTree = "<group>"; fileEncoding = 4; lastKnownFileType = sourcecode.c.h; explicitFileType = undefined; includeInIndex = 0; };
		7E306095F9134251B6ACE369 /* MAURProviderDelegate.h */ = {isa = PBXFileReference; name = "MAURProviderDelegate.h"; path = "cordova-plugin-mauron85-background-geolocation/MAURProviderDelegate.h"; sourceTree = "<group>"; fileEncoding = 4; lastKnownFileType = sourcecode.c.h; explicitFileType = undefined; includeInIndex = 0; };
		959F79E67BE3490BB4D51EBC /* MAURRawLocationProvider.h */ = {isa = PBXFileReference; name = "MAURRawLocationProvider.h"; path = "cordova-plugin-mauron85-background-geolocation/MAURRawLocationProvider.h"; sourceTree = "<group>"; fileEncoding = 4; lastKnownFileType = sourcecode.c.h; explicitFileType = undefined; includeInIndex = 0; };
		5388114289DA4E6D84F99AAB /* MAURSQLiteConfigurationDAO.h */ = {isa = PBXFileReference; name = "MAURSQLiteConfigurationDAO.h"; path = "cordova-plugin-mauron85-background-geolocation/MAURSQLiteConfigurationDAO.h"; sourceTree = "<group>"; fileEncoding = 4; lastKnownFileType = sourcecode.c.h; explicitFileType = undefined; includeInIndex = 0; };
		E8B111C3486541299175A375 /* MAURSQLiteHelper.h */ = {isa = PBXFileReference; name = "MAURSQLiteHelper.h"; path = "cordova-plugin-mauron85-background-geolocation/MAURSQLiteHelper.h"; sourceTree = "<group>"; fileEncoding = 4; lastKnownFileType = sourcecode.c.h; explicitFileType = undefined; includeInIndex = 0; };
		C5470FAA8A06442E9366B5A7 /* MAURSQLiteLocationDAO.h */ = {isa = PBXFileReference; name = "MAURSQLiteLocationDAO.h"; path = "cordova-plugin-mauron85-background-geolocation/MAURSQLiteLocationDAO.h"; sourceTree = "<group>"; fileEncoding = 4; lastKnownFileType = sourcecode.c.h; explicitFileType = undefined; includeInIndex = 0; };
		D77263DA030147E78EA85266 /* MAURSQLiteOpenHelper.h */ = {isa = PBXFileReference; name = "MAURSQLiteOpenHelper.h"; path = "cordova-plugin-mauron85-background-geolocation/MAURSQLiteOpenHelper.h"; sourceTree = "<group>"; fileEncoding = 4; lastKnownFileType = sourcecode.c.h; explicitFileType = undefined; includeInIndex = 0; };
		65832DA6C0074CEDADD8874B /* MAURUncaughtExceptionLogger.h */ = {isa = PBXFileReference; name = "MAURUncaughtExceptionLogger.h"; path = "cordova-plugin-mauron85-background-geolocation/MAURUncaughtExceptionLogger.h"; sourceTree = "<group>"; fileEncoding = 4; lastKnownFileType = sourcecode.c.h; explicitFileType = undefined; includeInIndex = 0; };
		1CFA5C586F29441182E05C5A /* Reachability.h */ = {isa = PBXFileReference; name = "Reachability.h"; path = "cordova-plugin-mauron85-background-geolocation/Reachability.h"; sourceTree = "<group>"; fileEncoding = 4; lastKnownFileType = sourcecode.c.h; explicitFileType = undefined; includeInIndex = 0; };
		A1B60D62E6144B4DB114B030 /* SOLocationManager.h */ = {isa = PBXFileReference; name = "SOLocationManager.h"; path = "cordova-plugin-mauron85-background-geolocation/SOLocationManager.h"; sourceTree = "<group>"; fileEncoding = 4; lastKnownFileType = sourcecode.c.h; explicitFileType = undefined; includeInIndex = 0; };
		45300D8EEBB94C11ADDED9BC /* SOMotionActivity.h */ = {isa = PBXFileReference; name = "SOMotionActivity.h"; path = "cordova-plugin-mauron85-background-geolocation/SOMotionActivity.h"; sourceTree = "<group>"; fileEncoding = 4; lastKnownFileType = sourcecode.c.h; explicitFileType = undefined; includeInIndex = 0; };
		ECC0826605894EE9A394569A /* SOMotionDetector.h */ = {isa = PBXFileReference; name = "SOMotionDetector.h"; path = "cordova-plugin-mauron85-background-geolocation/SOMotionDetector.h"; sourceTree = "<group>"; fileEncoding = 4; lastKnownFileType = sourcecode.c.h; explicitFileType = undefined; includeInIndex = 0; };
		6F25C09AD16A43B8A064195A /* SOStepDetector.h */ = {isa = PBXFileReference; name = "SOStepDetector.h"; path = "cordova-plugin-mauron85-background-geolocation/SOStepDetector.h"; sourceTree = "<group>"; fileEncoding = 4; lastKnownFileType = sourcecode.c.h; explicitFileType = undefined; includeInIndex = 0; };
		0E4CF6C23A0545FE9AD160E3 /* NSString+ZIMString.h */ = {isa = PBXFileReference; name = "NSString+ZIMString.h"; path = "cordova-plugin-mauron85-background-geolocation/NSString+ZIMString.h"; sourceTree = "<group>"; fileEncoding = 4; lastKnownFileType = sourcecode.c.h; explicitFileType = undefined; includeInIndex = 0; };
		3E5B4E811D3847D98ADBEF7E /* ZIMSqlDataManipulationCommand.h */ = {isa = PBXFileReference; name = "ZIMSqlDataManipulationCommand.h"; path = "cordova-plugin-mauron85-background-geolocation/ZIMSqlDataManipulationCommand.h"; sourceTree = "<group>"; fileEncoding = 4; lastKnownFileType = sourcecode.c.h; explicitFileType = undefined; includeInIndex = 0; };
		970C693DCF6442CBA517A34E /* ZIMSqlExpression.h */ = {isa = PBXFileReference; name = "ZIMSqlExpression.h"; path = "cordova-plugin-mauron85-background-geolocation/ZIMSqlExpression.h"; sourceTree = "<group>"; fileEncoding = 4; lastKnownFileType = sourcecode.c.h; explicitFileType = undefined; includeInIndex = 0; };
		68121B1BD30C4FEFBCB59C17 /* ZIMSqlSelectStatement.h */ = {isa = PBXFileReference; name = "ZIMSqlSelectStatement.h"; path = "cordova-plugin-mauron85-background-geolocation/ZIMSqlSelectStatement.h"; sourceTree = "<group>"; fileEncoding = 4; lastKnownFileType = sourcecode.c.h; explicitFileType = undefined; includeInIndex = 0; };
		CAE53007A6E74B4B82537845 /* ZIMSqlStatement.h */ = {isa = PBXFileReference; name = "ZIMSqlStatement.h"; path = "cordova-plugin-mauron85-background-geolocation/ZIMSqlStatement.h"; sourceTree = "<group>"; fileEncoding = 4; lastKnownFileType = sourcecode.c.h; explicitFileType = undefined; includeInIndex = 0; };
		57227FD270E24B1F9468D01C /* CoreLocation.framework */ = {isa = PBXFileReference; name = "CoreLocation.framework"; path = "System/Library/Frameworks/CoreLocation.framework"; sourceTree = SDKROOT; fileEncoding = undefined; lastKnownFileType = wrapper.framework; explicitFileType = undefined; includeInIndex = 0; };
		7074959B486948CAA57A82DC /* SystemConfiguration.framework */ = {isa = PBXFileReference; name = "SystemConfiguration.framework"; path = "System/Library/Frameworks/SystemConfiguration.framework"; sourceTree = SDKROOT; fileEncoding = undefined; lastKnownFileType = wrapper.framework; explicitFileType = undefined; includeInIndex = 0; };
		5C44CFCBE4C04E6B8462D148 /* AudioToolbox.framework */ = {isa = PBXFileReference; name = "AudioToolbox.framework"; path = "System/Library/Frameworks/AudioToolbox.framework"; sourceTree = SDKROOT; fileEncoding = undefined; lastKnownFileType = wrapper.framework; explicitFileType = undefined; includeInIndex = 0; };
		DD0B9C57C5FE4379AAE285F5 /* AVFoundation.framework */ = {isa = PBXFileReference; name = "AVFoundation.framework"; path = "System/Library/Frameworks/AVFoundation.framework"; sourceTree = SDKROOT; fileEncoding = undefined; lastKnownFileType = wrapper.framework; explicitFileType = undefined; includeInIndex = 0; };
		010774A0C0A146A9BC90BE81 /* libsqlite3.dylib */ = {isa = PBXFileReference; name = "libsqlite3.dylib"; path = "usr/lib/libsqlite3.dylib"; sourceTree = SDKROOT; fileEncoding = undefined; lastKnownFileType = compiled.mach-o.dylib; explicitFileType = undefined; includeInIndex = 0; };
/* End PBXFileReference section */

/* Begin PBXFrameworksBuildPhase section */
		1D60588F0D05DD3D006BFB54 /* Frameworks */ = {
			isa = PBXFrameworksBuildPhase;
			buildActionMask = 2147483647;
			files = (
				301BF552109A68D80062928A /* libCordova.a in Frameworks */,
				F7468E8BF9E144168DB2A538 /* CoreLocation.framework in Frameworks */,
				A946E6CC06674D69982DE6F0 /* SystemConfiguration.framework in Frameworks */,
				AC75EE62BF784A8BBD75EE15 /* AudioToolbox.framework in Frameworks */,
				CFB1430A812C410A9081A5C9 /* AVFoundation.framework in Frameworks */,
				C73BD0836CAB4EEDB488CB35 /* libsqlite3.dylib in Frameworks */,
			);
			runOnlyForDeploymentPostprocessing = 0;
		};
/* End PBXFrameworksBuildPhase section */

/* Begin PBXGroup section */
		080E96DDFE201D6D7F000001 /* Classes */ = {
			isa = PBXGroup;
			children = (
				302D95EE14D2391D003F00A1 /* MainViewController.h */,
				302D95EF14D2391D003F00A1 /* MainViewController.m */,
				302D95F014D2391D003F00A1 /* MainViewController.xib */,
				1D3623240D0F684500981E51 /* AppDelegate.h */,
				1D3623250D0F684500981E51 /* AppDelegate.m */,
			);
			name = Classes;
			path = "HelloCordova/Classes";
			sourceTree = SOURCE_ROOT;
		};
		19C28FACFE9D520D11CA2CBB /* Products */ = {
			isa = PBXGroup;
			children = (
				1D6058910D05DD3D006BFB54 /* HelloCordova.app */,
			);
			name = Products;
			sourceTree = "<group>";
		};
		29B97314FDCFA39411CA2CEA /* CustomTemplate */ = {
			isa = PBXGroup;
			children = (
				EB87FDF41871DAF40020F90C /* config.xml */,
				EB87FDF31871DA8E0020F90C /* www */,
				EB87FDF11871DA420020F90C /* Staging */,
				301BF52D109A57CC0062928A /* CordovaLib/CordovaLib.xcodeproj */,
				080E96DDFE201D6D7F000001 /* Classes */,
				307C750510C5A3420062BCA9 /* Plugins */,
				29B97315FDCFA39411CA2CEA /* Other Sources */,
				29B97317FDCFA39411CA2CEA /* Resources */,
				29B97323FDCFA39411CA2CEA /* Frameworks */,
				19C28FACFE9D520D11CA2CBB /* Products */,
			);
			name = CustomTemplate;
			sourceTree = "<group>";
		};
		29B97315FDCFA39411CA2CEA /* Other Sources */ = {
			isa = PBXGroup;
			children = (
				32CA4F630368D1EE00C91783 /* HelloCordova-Prefix.pch */,
				29B97316FDCFA39411CA2CEA /* main.m */,
				ED33DF2A687741AEAF9F8254 /* Bridging-Header.h */,
			);
			name = "Other Sources";
			path = "HelloCordova";
			sourceTree = "<group>";
		};
		29B97317FDCFA39411CA2CEA /* Resources */ = {
			isa = PBXGroup;
			children = (
				0207DA571B56EA530066E2B4 /* Images.xcassets */,
				3047A50E1AB8057F00498E2A /* config */,
				8D1107310486CEB800E47090 /* HelloCordova-Info.plist */,
				6AFF5BF81D6E424B00AB3073 /* CDVLaunchScreen.storyboard */,
			);
			name = Resources;
			path = "HelloCordova/Resources";
			sourceTree = "<group>";
		};
		29B97323FDCFA39411CA2CEA /* Frameworks */ = {
			isa = PBXGroup;
			children = (
				57227FD270E24B1F9468D01C /* CoreLocation.framework */,
				7074959B486948CAA57A82DC /* SystemConfiguration.framework */,
				5C44CFCBE4C04E6B8462D148 /* AudioToolbox.framework */,
				DD0B9C57C5FE4379AAE285F5 /* AVFoundation.framework */,
				010774A0C0A146A9BC90BE81 /* libsqlite3.dylib */,
			);
			name = Frameworks;
			sourceTree = "<group>";
		};
		301BF52E109A57CC0062928A /* Products */ = {
			isa = PBXGroup;
			children = (
				301BF535109A57CC0062928A /* libCordova.a */,
				907D8124214C687600058A10 /* Cordova.framework */,
			);
			name = Products;
			sourceTree = "<group>";
		};
		3047A50E1AB8057F00498E2A /* config */ = {
			isa = PBXGroup;
			children = (
				3047A50F1AB8059700498E2A /* build-debug.xcconfig */,
				3047A5101AB8059700498E2A /* build-release.xcconfig */,
				3047A5111AB8059700498E2A /* build.xcconfig */,
			);
			name = config;
			sourceTree = "<group>";
		};
		307C750510C5A3420062BCA9 /* Plugins */ = {
			isa = PBXGroup;
			children = (
				AFC04FC3418D4F07A17F22CF /* CDVBackgroundGeolocation.m */,
				FB7641822572401E9D00BCED /* CocoaLumberjack.m */,
				0F5450F0B24F4FD58F8D2133 /* FMDB.m */,
				9CF768F191304E30B99418F2 /* FMDBLogger.m */,
				CD482DE834CE47BDA1739EA5 /* INTUHeadingRequest.m */,
				4DE232ACD587482C942DB18D /* INTULocationManager.m */,
				EBF79A68AAED408898359135 /* INTULocationRequest.m */,
				E2FFF8535171418FA0C1CF6A /* INTURequestIDGenerator.m */,
				9A64685D385146F3AED9BFFB /* MAURAbstractLocationProvider.m */,
				B48F887137694C63ACAD726D /* MAURActivity.m */,
				C2E01AF2C0D2432C9D9721B2 /* MAURActivityLocationProvider.m */,
				D88FD289981E4998B677C6E5 /* MAURBackgroundGeolocationFacade.m */,
				A7F64EB7BF6C470D9FCE4506 /* MAURBackgroundSync.m */,
				2CE315BA7B14482AB30DDC7F /* MAURBackgroundTaskManager.m */,
				5FBD0265AB0A41C091D182B8 /* MAURConfig.m */,
				FB11D19A99CF40E18A04A987 /* MAURConfigurationContract.m */,
				BAB21322F2AA40F5920CF1D3 /* MAURDistanceFilterLocationProvider.m */,
				0BD173E49AE34A4FB378CF89 /* MAURGeolocationOpenHelper.m */,
				690ED7078B384DE7AF2D1E0B /* MAURLocation.m */,
				9985B6758408499D8E712DAF /* MAURLocationContract.m */,
				737C4B02C347431983A7D5D4 /* MAURLocationManager.m */,
				47206E5C5F9F4968993C5172 /* MAURLogReader.m */,
				42B8702BA4744BCEBA0798D9 /* MAURPostLocationTask.m */,
				CDCE54E682224D6B826C4D05 /* MAURRawLocationProvider.m */,
				21F0A50377694197AA2D2C01 /* MAURSQLiteConfigurationDAO.m */,
				D3D28B6E9EE84197BD5826FE /* MAURSQLiteHelper.m */,
				03AF7C6381E6479C9C38D71B /* MAURSQLiteLocationDAO.m */,
				98053AAED580471B8CF3BBAB /* MAURSQLiteOpenHelper.m */,
				595229D839E4409AAAEC134A /* MAURUncaughtExceptionLogger.m */,
				C50C63EC09A64FD1B9E242F0 /* Reachability.m */,
				933E02BCF243429B8076093E /* SOLocationManager.m */,
				BC3BC1299BF249C69330FD59 /* SOMotionActivity.m */,
				B69BBF3D81104002AFDB2D1F /* SOMotionDetector.m */,
				4B973365594F468A8FF3CB92 /* SOStepDetector.m */,
				E8D7D229995B482A8FCA431A /* NSString+ZIMString.m */,
				E34510695F044FBD82E8C85C /* ZIMSqlExpression.m */,
				90CEEED5506A445FA07C8A91 /* ZIMSqlSelectStatement.m */,
				DDA2DB64E09B4EEE92F0D5BC /* CDVBackgroundGeolocation.h */,
				8EAB71087FD644F69458A2D1 /* CocoaLumberjack.h */,
				7F00AD5B98B54836B67F889E /* FMDB.h */,
				FA1A2602C5F8450996562122 /* FMDBLogger.h */,
				1BA6334735334C16AC945BD9 /* INTUHeadingRequest.h */,
				B5701626D887413286D6A07E /* INTULocationManager+Internal.h */,
				58F9A6175ABA41649F4A571A /* INTULocationManager.h */,
				9F006313989440BD8F8345B9 /* INTULocationRequest.h */,
				BA2549D14252462885D8723C /* INTULocationRequestDefines.h */,
				F17F574D9EC74265A1B9B446 /* INTURequestIDGenerator.h */,
				4AC56555ED4F45AC8D9BC966 /* MAURAbstractLocationProvider.h */,
				A8B85ECDD6234343A177CC38 /* MAURActivity.h */,
				820E7D3067A54BCB93C558E7 /* MAURActivityLocationProvider.h */,
				4CEB5F8CE37E4AF7918A949E /* MAURBackgroundGeolocationFacade.h */,
				609CF06106144D8A951AF29A /* MAURBackgroundSync.h */,
				D2EFBB99762D493CADE22A84 /* MAURBackgroundTaskManager.h */,
				FC050C11CAC448F18C9CFF42 /* MAURConfig.h */,
				447151D486684B53B743408D /* MAURConfigurationContract.h */,
				DB549907A57041D1943E6E21 /* MAURDistanceFilterLocationProvider.h */,
				57358F9DF95C48C08BFBEFF8 /* MAURGeolocationOpenHelper.h */,
				2F183A22A5C445A8B2564695 /* MAURLocation.h */,
				09FA673350C646AD9F3327F2 /* MAURLocationContract.h */,
				2EABA8B47920484496E78563 /* MAURLocationManager.h */,
				1393E4C602A54D31B80281C0 /* MAURLogReader.h */,
				EA083F9CE9B445228811E0C3 /* MAURLogging.h */,
				72003CD9DFBB497DB50B9278 /* MAURPostLocationTask.h */,
				7E306095F9134251B6ACE369 /* MAURProviderDelegate.h */,
				959F79E67BE3490BB4D51EBC /* MAURRawLocationProvider.h */,
				5388114289DA4E6D84F99AAB /* MAURSQLiteConfigurationDAO.h */,
				E8B111C3486541299175A375 /* MAURSQLiteHelper.h */,
				C5470FAA8A06442E9366B5A7 /* MAURSQLiteLocationDAO.h */,
				D77263DA030147E78EA85266 /* MAURSQLiteOpenHelper.h */,
				65832DA6C0074CEDADD8874B /* MAURUncaughtExceptionLogger.h */,
				1CFA5C586F29441182E05C5A /* Reachability.h */,
				A1B60D62E6144B4DB114B030 /* SOLocationManager.h */,
				45300D8EEBB94C11ADDED9BC /* SOMotionActivity.h */,
				ECC0826605894EE9A394569A /* SOMotionDetector.h */,
				6F25C09AD16A43B8A064195A /* SOStepDetector.h */,
				0E4CF6C23A0545FE9AD160E3 /* NSString+ZIMString.h */,
				3E5B4E811D3847D98ADBEF7E /* ZIMSqlDataManipulationCommand.h */,
				970C693DCF6442CBA517A34E /* ZIMSqlExpression.h */,
				68121B1BD30C4FEFBCB59C17 /* ZIMSqlSelectStatement.h */,
				CAE53007A6E74B4B82537845 /* ZIMSqlStatement.h */,
			);
			name = Plugins;
			path = "HelloCordova/Plugins";
			sourceTree = SOURCE_ROOT;
		};
		EB87FDF11871DA420020F90C /* Staging */ = {
			isa = PBXGroup;
			children = (
				F840E1F0165FE0F500CFE078 /* config.xml */,
				301BF56E109A69640062928A /* www */,
			);
			name = Staging;
			sourceTree = "<group>";
		};
/* End PBXGroup section */

/* Begin PBXNativeTarget section */
		1D6058900D05DD3D006BFB54 /* HelloCordova */ = {
			isa = PBXNativeTarget;
			buildConfigurationList = 1D6058960D05DD3E006BFB54 /* Build configuration list for PBXNativeTarget "HelloCordova" */;
			buildPhases = (
				304B58A110DAC018002A0835 /* Copy www directory */,
				1D60588D0D05DD3D006BFB54 /* Resources */,
				1D60588E0D05DD3D006BFB54 /* Sources */,
				1D60588F0D05DD3D006BFB54 /* Frameworks */,
			);
			buildRules = (
			);
			dependencies = (
				301BF551109A68C00062928A /* PBXTargetDependency */,
			);
			name = "HelloCordova";
			productName = "HelloCordova";
			productReference = 1D6058910D05DD3D006BFB54 /* HelloCordova.app */;
			productType = "com.apple.product-type.application";
		};
/* End PBXNativeTarget section */

/* Begin PBXProject section */
		29B97313FDCFA39411CA2CEA /* Project object */ = {
			isa = PBXProject;
			attributes = {
				LastUpgradeCheck = 1130;
				TargetAttributes = {
					1D6058900D05DD3D006BFB54 = {
						ProvisioningStyle = Automatic;
					};
				};
			};
			buildConfigurationList = C01FCF4E08A954540054247B /* Build configuration list for PBXProject "HelloCordova" */;
			compatibilityVersion = "Xcode 11.0";
			developmentRegion = en;
			hasScannedForEncodings = 1;
			knownRegions = (
				en,
				Base,
			);
			mainGroup = 29B97314FDCFA39411CA2CEA /* CustomTemplate */;
			projectDirPath = "";
			projectReferences = (
				{
					ProductGroup = 301BF52E109A57CC0062928A /* Products */;
					ProjectRef = 301BF52D109A57CC0062928A /* CordovaLib/CordovaLib.xcodeproj */;
				},
			);
			projectRoot = "";
			targets = (
				1D6058900D05DD3D006BFB54 /* HelloCordova */,
			);
		};
/* End PBXProject section */

/* Begin PBXReferenceProxy section */
		301BF535109A57CC0062928A /* libCordova.a */ = {
			isa = PBXReferenceProxy;
			fileType = archive.ar;
			path = libCordova.a;
			remoteRef = 301BF534109A57CC0062928A /* PBXContainerItemProxy */;
			sourceTree = BUILT_PRODUCTS_DIR;
		};
		907D8124214C687600058A10 /* Cordova.framework */ = {
			isa = PBXReferenceProxy;
			fileType = wrapper.framework;
			path = Cordova.framework;
			remoteRef = 907D8123214C687600058A10 /* PBXContainerItemProxy */;
			sourceTree = BUILT_PRODUCTS_DIR;
		};
/* End PBXReferenceProxy section */

/* Begin PBXResourcesBuildPhase section */
		1D60588D0D05DD3D006BFB54 /* Resources */ = {
			isa = PBXResourcesBuildPhase;
			buildActionMask = 2147483647;
			files = (
				302D95F214D2391D003F00A1 /* MainViewController.xib in Resources */,
				0207DA581B56EA530066E2B4 /* Images.xcassets in Resources */,
				6AFF5BF91D6E424B00AB3073 /* CDVLaunchScreen.storyboard in Resources */,
			);
			runOnlyForDeploymentPostprocessing = 0;
		};
/* End PBXResourcesBuildPhase section */

/* Begin PBXShellScriptBuildPhase section */
		304B58A110DAC018002A0835 /* Copy www directory */ = {
			isa = PBXShellScriptBuildPhase;
			buildActionMask = 2147483647;
			files = (
			);
			inputPaths = (
			);
			name = "Copy www directory";
			outputPaths = (
			);
			runOnlyForDeploymentPostprocessing = 0;
			shellPath = /bin/sh;
			shellScript = "\"$SRCROOT/HelloCordova/Scripts/copy-www-build-step.sh\"";
			showEnvVarsInLog = 0;
		};
/* End PBXShellScriptBuildPhase section */

/* Begin PBXSourcesBuildPhase section */
		1D60588E0D05DD3D006BFB54 /* Sources */ = {
			isa = PBXSourcesBuildPhase;
			buildActionMask = 2147483647;
			files = (
				1D60589B0D05DD56006BFB54 /* main.m in Sources */,
				1D3623260D0F684500981E51 /* AppDelegate.m in Sources */,
				302D95F114D2391D003F00A1 /* MainViewController.m in Sources */,
				F26DD40A0EF94F4B8CE853C5 /* CDVBackgroundGeolocation.m in Sources */,
				86B7BE3C7F3C4FD2A50C35B4 /* CocoaLumberjack.m in Sources */,
				BE83E126DB0B4B1AB8051CFB /* FMDB.m in Sources */,
				45A00A7B556F4CFF8DADF16E /* FMDBLogger.m in Sources */,
				514F582B17B34E75BB2CD8D1 /* INTUHeadingRequest.m in Sources */,
				F5EE647992624CA8A5F56D50 /* INTULocationManager.m in Sources */,
				73F33893D75B44E889C31D69 /* INTULocationRequest.m in Sources */,
				58680851E1BA47DAA6E36237 /* INTURequestIDGenerator.m in Sources */,
				E7C850DE95094EA0BED6DA60 /* MAURAbstractLocationProvider.m in Sources */,
				1EAF955BAAF84C0296E12DFB /* MAURActivity.m in Sources */,
				9F54ACC3B1D046508E031961 /* MAURActivityLocationProvider.m in Sources */,
				CF6D0CA84FBC40B59A191D4D /* MAURBackgroundGeolocationFacade.m in Sources */,
				8E2A23281DCA42EC91AC16EE /* MAURBackgroundSync.m in Sources */,
				08A9289261D54A8E81CA8AAA /* MAURBackgroundTaskManager.m in Sources */,
				D8A54D9701444D6B8AABB03C /* MAURConfig.m in Sources */,
				C3A977294481470F942E8EE5 /* MAURConfigurationContract.m in Sources */,
				1A331D33E7F944B78B4A701D /* MAURDistanceFilterLocationProvider.m in Sources */,
				6E58B13253C44B70B712C388 /* MAURGeolocationOpenHelper.m in Sources */,
				6AA6FC77E4044B5E9FA9990D /* MAURLocation.m in Sources */,
				68E5BFE6007E4A64B2707354 /* MAURLocationContract.m in Sources */,
				C7240C100DA8448390794DE2 /* MAURLocationManager.m in Sources */,
				643F565E53CF4F4DA7934048 /* MAURLogReader.m in Sources */,
				F2AE525E388747DCAF5D98DA /* MAURPostLocationTask.m in Sources */,
				F96B90929CF5465FBED7916F /* MAURRawLocationProvider.m in Sources */,
				9965673AE529404BA5122EF0 /* MAURSQLiteConfigurationDAO.m in Sources */,
				B35E96F36F72437DB7F82565 /* MAURSQLiteHelper.m in Sources */,
				BBE6715C8420489DA8FE1EAB /* MAURSQLiteLocationDAO.m in Sources */,
				3EDA4366DDCA4A9887DA0035 /* MAURSQLiteOpenHelper.m in Sources */,
				ED4E7735B4794CA68AC8949B /* MAURUncaughtExceptionLogger.m in Sources */,
				D303899300044FDA9B58D29A /* Reachability.m in Sources */,
				BEC9BBA9A7404BF3A521F8E6 /* SOLocationManager.m in Sources */,
				D1354115ADD342789FD55242 /* SOMotionActivity.m in Sources */,
				7DE8EB440B2D4990926914D5 /* SOMotionDetector.m in Sources */,
				4B237A1AC20B4FBCA8A27EDF /* SOStepDetector.m in Sources */,
				9DC5350563D94EDD9882A2D2 /* NSString+ZIMString.m in Sources */,
				72F599DE6CCD4E5997C34998 /* ZIMSqlExpression.m in Sources */,
				A72C4EDEA12044528F2A3946 /* ZIMSqlSelectStatement.m in Sources */,
			);
			runOnlyForDeploymentPostprocessing = 0;
		};
/* End PBXSourcesBuildPhase section */

/* Begin PBXTargetDependency section */
		301BF551109A68C00062928A /* PBXTargetDependency */ = {
			isa = PBXTargetDependency;
			name = CordovaLib;
			targetProxy = 301BF550109A68C00062928A /* PBXContainerItemProxy */;
		};
/* End PBXTargetDependency section */

/* Begin XCBuildConfiguration section */
		1D6058940D05DD3E006BFB54 /* Debug */ = {
			isa = XCBuildConfiguration;
			baseConfigurationReference = 3047A50F1AB8059700498E2A /* build-debug.xcconfig */;
			buildSettings = {
				ALWAYS_SEARCH_USER_PATHS = NO;
				ASSETCATALOG_COMPILER_APPICON_NAME = AppIcon;
				CLANG_ENABLE_MODULES = YES;
				CLANG_ENABLE_OBJC_ARC = YES;
				COPY_PHASE_STRIP = NO;
				GCC_DYNAMIC_NO_PIC = NO;
				GCC_OPTIMIZATION_LEVEL = 0;
				GCC_PRECOMPILE_PREFIX_HEADER = YES;
				GCC_PREFIX_HEADER = "HelloCordova/HelloCordova-Prefix.pch";
				GCC_THUMB_SUPPORT = NO;
				GCC_VERSION = "";
				INFOPLIST_FILE = "HelloCordova/HelloCordova-Info.plist";
				IPHONEOS_DEPLOYMENT_TARGET = 11.0;
				LD_RUNPATH_SEARCH_PATHS = "@executable_path/Frameworks";
				PRODUCT_BUNDLE_IDENTIFIER = io.cordova.hellocordova;
				PRODUCT_NAME = "$(TARGET_NAME)";
				TARGETED_DEVICE_FAMILY = "1,2";
				VALIDATE_WORKSPACE = NO;
			};
			name = Debug;
		};
		1D6058950D05DD3E006BFB54 /* Release */ = {
			isa = XCBuildConfiguration;
			baseConfigurationReference = 3047A5101AB8059700498E2A /* build-release.xcconfig */;
			buildSettings = {
				ALWAYS_SEARCH_USER_PATHS = NO;
				ASSETCATALOG_COMPILER_APPICON_NAME = AppIcon;
				CLANG_ENABLE_MODULES = YES;
				CLANG_ENABLE_OBJC_ARC = YES;
				COPY_PHASE_STRIP = YES;
				GCC_PRECOMPILE_PREFIX_HEADER = YES;
				GCC_PREFIX_HEADER = "HelloCordova/HelloCordova-Prefix.pch";
				GCC_THUMB_SUPPORT = NO;
				GCC_VERSION = "";
				INFOPLIST_FILE = "HelloCordova/HelloCordova-Info.plist";
				IPHONEOS_DEPLOYMENT_TARGET = 11.0;
				LD_RUNPATH_SEARCH_PATHS = "@executable_path/Frameworks";
				PRODUCT_BUNDLE_IDENTIFIER = io.cordova.hellocordova;
				PRODUCT_NAME = "$(TARGET_NAME)";
				TARGETED_DEVICE_FAMILY = "1,2";
				VALIDATE_WORKSPACE = NO;
			};
			name = Release;
		};
		C01FCF4F08A954540054247B /* Debug */ = {
			isa = XCBuildConfiguration;
			baseConfigurationReference = 3047A5111AB8059700498E2A /* build.xcconfig */;
			buildSettings = {
				CLANG_ANALYZER_LOCALIZABILITY_NONLOCALIZED = YES;
				CLANG_ENABLE_MODULES = YES;
				CLANG_ENABLE_OBJC_ARC = YES;
				CLANG_WARN_BLOCK_CAPTURE_AUTORELEASING = YES;
				CLANG_WARN_BOOL_CONVERSION = YES;
				CLANG_WARN_COMMA = YES;
				CLANG_WARN_CONSTANT_CONVERSION = YES;
				CLANG_WARN_DEPRECATED_OBJC_IMPLEMENTATIONS = YES;
				CLANG_WARN_EMPTY_BODY = YES;
				CLANG_WARN_ENUM_CONVERSION = YES;
				CLANG_WARN_INFINITE_RECURSION = YES;
				CLANG_WARN_INT_CONVERSION = YES;
				CLANG_WARN_NON_LITERAL_NULL_CONVERSION = YES;
				CLANG_WARN_OBJC_IMPLICIT_RETAIN_SELF = YES;
				CLANG_WARN_OBJC_LITERAL_CONVERSION = YES;
				CLANG_WARN_RANGE_LOOP_ANALYSIS = YES;
				CLANG_WARN_STRICT_PROTOTYPES = YES;
				CLANG_WARN_SUSPICIOUS_MOVE = YES;
				CLANG_WARN_UNREACHABLE_CODE = YES;
				CLANG_WARN__DUPLICATE_METHOD_MATCH = YES;
				ENABLE_STRICT_OBJC_MSGSEND = YES;
				ENABLE_TESTABILITY = YES;
				GCC_C_LANGUAGE_STANDARD = c99;
				GCC_NO_COMMON_BLOCKS = YES;
				GCC_THUMB_SUPPORT = NO;
				GCC_VERSION = "";
				GCC_WARN_64_TO_32_BIT_CONVERSION = YES;
				GCC_WARN_ABOUT_RETURN_TYPE = YES;
				GCC_WARN_UNDECLARED_SELECTOR = YES;
				GCC_WARN_UNINITIALIZED_AUTOS = YES;
				GCC_WARN_UNUSED_FUNCTION = YES;
				GCC_WARN_UNUSED_VARIABLE = YES;
				ONLY_ACTIVE_ARCH = YES;
				SDKROOT = iphoneos;
				SKIP_INSTALL = NO;
				WK_WEB_VIEW_ONLY = 1;
			};
			name = Debug;
		};
		C01FCF5008A954540054247B /* Release */ = {
			isa = XCBuildConfiguration;
			baseConfigurationReference = 3047A5111AB8059700498E2A /* build.xcconfig */;
			buildSettings = {
				CLANG_ANALYZER_LOCALIZABILITY_NONLOCALIZED = YES;
				CLANG_ENABLE_MODULES = YES;
				CLANG_ENABLE_OBJC_ARC = YES;
				CLANG_WARN_BLOCK_CAPTURE_AUTORELEASING = YES;
				CLANG_WARN_BOOL_CONVERSION = YES;
				CLANG_WARN_COMMA = YES;
				CLANG_WARN_CONSTANT_CONVERSION = YES;
				CLANG_WARN_DEPRECATED_OBJC_IMPLEMENTATIONS = YES;
				CLANG_WARN_EMPTY_BODY = YES;
				CLANG_WARN_ENUM_CONVERSION = YES;
				CLANG_WARN_INFINITE_RECURSION = YES;
				CLANG_WARN_INT_CONVERSION = YES;
				CLANG_WARN_NON_LITERAL_NULL_CONVERSION = YES;
				CLANG_WARN_OBJC_IMPLICIT_RETAIN_SELF = YES;
				CLANG_WARN_OBJC_LITERAL_CONVERSION = YES;
				CLANG_WARN_RANGE_LOOP_ANALYSIS = YES;
				CLANG_WARN_STRICT_PROTOTYPES = YES;
				CLANG_WARN_SUSPICIOUS_MOVE = YES;
				CLANG_WARN_UNREACHABLE_CODE = YES;
				CLANG_WARN__DUPLICATE_METHOD_MATCH = YES;
				ENABLE_STRICT_OBJC_MSGSEND = YES;
				GCC_C_LANGUAGE_STANDARD = c99;
				GCC_NO_COMMON_BLOCKS = YES;
				GCC_THUMB_SUPPORT = NO;
				GCC_VERSION = "";
				GCC_WARN_64_TO_32_BIT_CONVERSION = YES;
				GCC_WARN_ABOUT_RETURN_TYPE = YES;
				GCC_WARN_UNDECLARED_SELECTOR = YES;
				GCC_WARN_UNINITIALIZED_AUTOS = YES;
				GCC_WARN_UNUSED_FUNCTION = YES;
				GCC_WARN_UNUSED_VARIABLE = YES;
				SDKROOT = iphoneos;
				SKIP_INSTALL = NO;
				WK_WEB_VIEW_ONLY = 1;
			};
			name = Release;
		};
/* End XCBuildConfiguration section */

/* Begin XCConfigurationList section */
		1D6058960D05DD3E006BFB54 /* Build configuration list for PBXNativeTarget "HelloCordova" */ = {
			isa = XCConfigurationList;
			buildConfigurations = (
				1D6058940D05DD3E006BFB54 /* Debug */,
				1D6058950D05DD3E006BFB54 /* Release */,
			);
			defaultConfigurationIsVisible = 0;
			defaultConfigurationName = Release;
		};
		C01FCF4E08A954540054247B /* Build configuration list for PBXProject "HelloCordova" */ = {
			isa = XCConfigurationList;
			buildConfigurations = (
				C01FCF4F08A954540054247B /* Debug */,
				C01FCF5008A954540054247B /* Release */,
			);
			defaultConfigurationIsVisible = 0;
			defaultConfigurationName = Release;
		};
/* End XCConfigurationList section */
	};
	rootObject = 29B97313FDCFA39411CA2CEA /* Project object */;
}
